
Microsoft Visual Studio Solution File, Format Version 12.00
# Visual Studio Version 17
VisualStudioVersion = 17.9.34622.214
MinimumVisualStudioVersion = 10.0.40219.1
Project("{FAE04EC0-301F-11D3-BF4B-00C04F79EFBC}") = "WorkingWithVariableData", "WorkingWithVariableData\WorkingWithVariableData.csproj", "{2A289FC5-45A6-4112-AA26-9C5AC4293889}"
EndProject
Global
	GlobalSection(SolutionConfigurationPlatforms) = preSolution
		Debug|Any CPU = Debug|Any CPU
		Release|Any CPU = Release|Any CPU
	EndGlobalSection
	GlobalSection(ProjectConfigurationPlatforms) = postSolution
		{2A289FC5-45A6-4112-AA26-9C5AC4293889}.Debug|Any CPU.ActiveCfg = Debug|Any CPU
		{2A289FC5-45A6-4112-AA26-9C5AC4293889}.Debug|Any CPU.Build.0 = Debug|Any CPU
		{2A289FC5-45A6-4112-AA26-9C5AC4293889}.Release|Any CPU.ActiveCfg = Release|Any CPU
		{2A289FC5-45A6-4112-AA26-9C5AC4293889}.Release|Any CPU.Build.0 = Release|Any CPU
	EndGlobalSection
	GlobalSection(SolutionProperties) = preSolution
		HideSolutionNode = FALSE
	EndGlobalSection
	GlobalSection(ExtensibilityGlobals) = postSolution
		SolutionGuid = {C95F511B-F27C-41EC-893B-450DF2C35A27}
	EndGlobalSection
EndGlobal
