
Microsoft Visual Studio Solution File, Format Version 12.00
# Visual Studio Version 17
VisualStudioVersion = 17.9.34622.214
MinimumVisualStudioVersion = 10.0.40219.1
Project("{FAE04EC0-301F-11D3-BF4B-00C04F79EFBC}") = "debuggingExercises", "debuggingExercises\debuggingExercises.csproj", "{06E01C99-9AAD-42C6-A06A-CE19E8661A4C}"
EndProject
Global
	GlobalSection(SolutionConfigurationPlatforms) = preSolution
		Debug|Any CPU = Debug|Any CPU
		Release|Any CPU = Release|Any CPU
	EndGlobalSection
	GlobalSection(ProjectConfigurationPlatforms) = postSolution
		{06E01C99-9AAD-42C6-A06A-CE19E8661A4C}.Debug|Any CPU.ActiveCfg = Debug|Any CPU
		{06E01C99-9AAD-42C6-A06A-CE19E8661A4C}.Debug|Any CPU.Build.0 = Debug|Any CPU
		{06E01C99-9AAD-42C6-A06A-CE19E8661A4C}.Release|Any CPU.ActiveCfg = Release|Any CPU
		{06E01C99-9AAD-42C6-A06A-CE19E8661A4C}.Release|Any CPU.Build.0 = Release|Any CPU
	EndGlobalSection
	GlobalSection(SolutionProperties) = preSolution
		HideSolutionNode = FALSE
	EndGlobalSection
	GlobalSection(ExtensibilityGlobals) = postSolution
		SolutionGuid = {8C73A8AF-15E7-4536-A41D-B185CB155A9C}
	EndGlobalSection
EndGlobal
