
Microsoft Visual Studio Solution File, Format Version 12.00
# Visual Studio Version 17
VisualStudioVersion = 17.9.34622.214
MinimumVisualStudioVersion = 10.0.40219.1
Project("{FAE04EC0-301F-11D3-BF4B-00C04F79EFBC}") = "GradCalculations", "GradCalculations\GradCalculations.csproj", "{7CAEA2A2-2AC0-4F64-80AE-B61E1FB6F1FE}"
EndProject
Global
	GlobalSection(SolutionConfigurationPlatforms) = preSolution
		Debug|Any CPU = Debug|Any CPU
		Release|Any CPU = Release|Any CPU
	EndGlobalSection
	GlobalSection(ProjectConfigurationPlatforms) = postSolution
		{7CAEA2A2-2AC0-4F64-80AE-B61E1FB6F1FE}.Debug|Any CPU.ActiveCfg = Debug|Any CPU
		{7CAEA2A2-2AC0-4F64-80AE-B61E1FB6F1FE}.Debug|Any CPU.Build.0 = Debug|Any CPU
		{7CAEA2A2-2AC0-4F64-80AE-B61E1FB6F1FE}.Release|Any CPU.ActiveCfg = Release|Any CPU
		{7CAEA2A2-2AC0-4F64-80AE-B61E1FB6F1FE}.Release|Any CPU.Build.0 = Release|Any CPU
	EndGlobalSection
	GlobalSection(SolutionProperties) = preSolution
		HideSolutionNode = FALSE
	EndGlobalSection
	GlobalSection(ExtensibilityGlobals) = postSolution
		SolutionGuid = {C911CBCC-0EC9-4BDD-8665-98786F0D836F}
	EndGlobalSection
EndGlobal
