
Microsoft Visual Studio Solution File, Format Version 12.00
# Visual Studio Version 17
VisualStudioVersion = 17.9.34622.214
MinimumVisualStudioVersion = 10.0.40219.1
Project("{FAE04EC0-301F-11D3-BF4B-00C04F79EFBC}") = "operationsOnArraysUsingHelperMethods", "operationsOnArraysUsingHelperMethods\operationsOnArraysUsingHelperMethods.csproj", "{4FABF6E0-6292-44D5-8793-F8EE450B2E9D}"
EndProject
Global
	GlobalSection(SolutionConfigurationPlatforms) = preSolution
		Debug|Any CPU = Debug|Any CPU
		Release|Any CPU = Release|Any CPU
	EndGlobalSection
	GlobalSection(ProjectConfigurationPlatforms) = postSolution
		{4FABF6E0-6292-44D5-8793-F8EE450B2E9D}.Debug|Any CPU.ActiveCfg = Debug|Any CPU
		{4FABF6E0-6292-44D5-8793-F8EE450B2E9D}.Debug|Any CPU.Build.0 = Debug|Any CPU
		{4FABF6E0-6292-44D5-8793-F8EE450B2E9D}.Release|Any CPU.ActiveCfg = Release|Any CPU
		{4FABF6E0-6292-44D5-8793-F8EE450B2E9D}.Release|Any CPU.Build.0 = Release|Any CPU
	EndGlobalSection
	GlobalSection(SolutionProperties) = preSolution
		HideSolutionNode = FALSE
	EndGlobalSection
	GlobalSection(ExtensibilityGlobals) = postSolution
		SolutionGuid = {368E4E51-9A63-42C9-9C05-F0E8EE98DF6F}
	EndGlobalSection
EndGlobal
