
Microsoft Visual Studio Solution File, Format Version 12.00
# Visual Studio Version 17
VisualStudioVersion = 17.5.002.0
MinimumVisualStudioVersion = 10.0.40219.1
Project("{9A19103F-16F7-4668-BE54-9A1E7A4F7556}") = "csharpmethods", "csharpmethods.csproj", "{FA1968A2-BBAC-45D2-9512-DFC319BB59B8}"
EndProject
Global
	GlobalSection(SolutionConfigurationPlatforms) = preSolution
		Debug|Any CPU = Debug|Any CPU
		Release|Any CPU = Release|Any CPU
	EndGlobalSection
	GlobalSection(ProjectConfigurationPlatforms) = postSolution
		{FA1968A2-BBAC-45D2-9512-DFC319BB59B8}.Debug|Any CPU.ActiveCfg = Debug|Any CPU
		{FA1968A2-BBAC-45D2-9512-DFC319BB59B8}.Debug|Any CPU.Build.0 = Debug|Any CPU
		{FA1968A2-BBAC-45D2-9512-DFC319BB59B8}.Release|Any CPU.ActiveCfg = Release|Any CPU
		{FA1968A2-BBAC-45D2-9512-DFC319BB59B8}.Release|Any CPU.Build.0 = Release|Any CPU
	EndGlobalSection
	GlobalSection(SolutionProperties) = preSolution
		HideSolutionNode = FALSE
	EndGlobalSection
	GlobalSection(ExtensibilityGlobals) = postSolution
		SolutionGuid = {45288603-B525-4665-8D33-957B8FA0139C}
	EndGlobalSection
EndGlobal
